# @generated - this file is auto-generated by `mise lock` https://mise.jdx.dev/dev-tools/mise-lock.html

lockfile_version = 2

[[tools.hk]]
version = "2.5.0"
backend = "packslip:github.com/jdx/hk"
specifiers = ["latest"]

[tools.hk."platforms.linux-arm64"]
checksum = "sha256:c800091c414e1c8e8628137275d88c257bcfe0c35dd31d2762923a71dae7df7f"
url = "https://github.com/jdx/hk/releases/download/v2.5.0/hk-aarch64-unknown-linux-gnu.tar.gz"
signer = "sigstore-oidc:https://github.com/jdx/hk/.github/workflows/release.yml"

[tools.hk."platforms.linux-arm64-musl"]
checksum = "sha256:1e839b96defad21b5118d9554f2146811a2ce8d8eef90b3da1d592834969b717"
url = "https://github.com/jdx/hk/releases/download/v2.5.0/hk-aarch64-unknown-linux-musl.tar.gz"
signer = "sigstore-oidc:https://github.com/jdx/hk/.github/workflows/release.yml"

[tools.hk."platforms.linux-x64"]
checksum = "sha256:449b83c35ac3a460f80a4c9a41ad99430add8cf6caa6ceadc27e810feac3647d"
url = "https://github.com/jdx/hk/releases/download/v2.5.0/hk-x86_64-unknown-linux-gnu.tar.gz"
signer = "sigstore-oidc:https://github.com/jdx/hk/.github/workflows/release.yml"

[tools.hk."platforms.linux-x64-musl"]
checksum = "sha256:55b349ed8ebbb9cc11e3ff7f741230035061e45621c0b2c87fffeeb37fadcfd0"
url = "https://github.com/jdx/hk/releases/download/v2.5.0/hk-x86_64-unknown-linux-musl.tar.gz"
signer = "sigstore-oidc:https://github.com/jdx/hk/.github/workflows/release.yml"

[tools.hk."platforms.macos-arm64"]
checksum = "sha256:fabbed3a44e72c601759fa81d56f3c9403ca466853bdf77e87cc69d986cb151a"
url = "https://github.com/jdx/hk/releases/download/v2.5.0/hk-aarch64-apple-darwin.tar.gz"
signer = "sigstore-oidc:https://github.com/jdx/hk/.github/workflows/release.yml"

[tools.hk."platforms.windows-x64"]
checksum = "sha256:9d3063f0eadb316415dc2aaea51608f436eb6ffe44e00c2e460294c66f269a54"
url = "https://github.com/jdx/hk/releases/download/v2.5.0/hk-x86_64-pc-windows-msvc.zip"
signer = "sigstore-oidc:https://github.com/jdx/hk/.github/workflows/release.yml"

[[tools.jactionlint]]
version = "2.1.0"
backend = "github:jdx/jactionlint"
specifiers = ["2.1.0"]

[tools.jactionlint."platforms.linux-arm64"]
checksum = "sha256:ec0c6496d8a2f37b2ae2a1af0fbf98d58df1f7c98a27cf9fdd64c20ad317234b"
url = "https://github.com/jdx/jactionlint/releases/download/v2.1.0/jactionlint_2.1.0_linux_arm64.tar.gz"
url_api = "https://api.github.com/repos/jdx/jactionlint/releases/assets/628112146"
provenance = "github-attestations"

[tools.jactionlint."platforms.linux-arm64-musl"]
checksum = "sha256:ec0c6496d8a2f37b2ae2a1af0fbf98d58df1f7c98a27cf9fdd64c20ad317234b"
url = "https://github.com/jdx/jactionlint/releases/download/v2.1.0/jactionlint_2.1.0_linux_arm64.tar.gz"
url_api = "https://api.github.com/repos/jdx/jactionlint/releases/assets/628112146"
provenance = "github-attestations"

[tools.jactionlint."platforms.linux-x64"]
checksum = "sha256:baebfc5792135438fb3bb5ea266c3bf2538a089753616f1988ef618e4c0c3cb1"
url = "https://github.com/jdx/jactionlint/releases/download/v2.1.0/jactionlint_2.1.0_linux_amd64.tar.gz"
url_api = "https://api.github.com/repos/jdx/jactionlint/releases/assets/628112089"
provenance = "github-attestations"

[tools.jactionlint."platforms.linux-x64-musl"]
checksum = "sha256:baebfc5792135438fb3bb5ea266c3bf2538a089753616f1988ef618e4c0c3cb1"
url = "https://github.com/jdx/jactionlint/releases/download/v2.1.0/jactionlint_2.1.0_linux_amd64.tar.gz"
url_api = "https://api.github.com/repos/jdx/jactionlint/releases/assets/628112089"
provenance = "github-attestations"

[tools.jactionlint."platforms.macos-arm64"]
checksum = "sha256:3766a4b0890d3eb36fe58760289885712131c7974de4bc9fabb9a3faa599e931"
url = "https://github.com/jdx/jactionlint/releases/download/v2.1.0/jactionlint_2.1.0_darwin_arm64.tar.gz"
url_api = "https://api.github.com/repos/jdx/jactionlint/releases/assets/628111988"
provenance = "github-attestations"

[tools.jactionlint."platforms.macos-x64"]
checksum = "sha256:a88f2be76def62dd4fd9aed38c81d0db4144763012128a89800be80b1ee82e89"
url = "https://github.com/jdx/jactionlint/releases/download/v2.1.0/jactionlint_2.1.0_darwin_amd64.tar.gz"
url_api = "https://api.github.com/repos/jdx/jactionlint/releases/assets/628112083"
provenance = "github-attestations"

[tools.jactionlint."platforms.windows-x64"]
checksum = "sha256:5925a118df6db8c5be418acb05bd815d3c14ca98d91a9ecba6156753b87d4ae7"
url = "https://github.com/jdx/jactionlint/releases/download/v2.1.0/jactionlint_2.1.0_windows_amd64.zip"
url_api = "https://api.github.com/repos/jdx/jactionlint/releases/assets/628112198"
provenance = "github-attestations"

[[tools.mr-boxington]]
version = "1.22.0"
backend = "packslip:github.com/jdx/mr-boxington"
specifiers = ["latest"]

[tools.mr-boxington."platforms.linux-arm64"]
checksum = "sha256:b7a23503d9efcb31941e1e68b78f8b33643a056f22d39cff745dab6f17edb652"
url = "https://github.com/jdx/mr-boxington/releases/download/v1.22.0/mbx-aarch64-unknown-linux-gnu.tar.gz"
signer = "sigstore-oidc:https://github.com/jdx/mr-boxington/.github/workflows/release.yml"

[tools.mr-boxington."platforms.linux-arm64-musl"]
checksum = "sha256:ae4d66308c706ffbf912beb45b3166cf1cfda4d3efd23273262791235d0accf5"
url = "https://github.com/jdx/mr-boxington/releases/download/v1.22.0/mbx-aarch64-unknown-linux-musl.tar.gz"
signer = "sigstore-oidc:https://github.com/jdx/mr-boxington/.github/workflows/release.yml"

[tools.mr-boxington."platforms.linux-x64"]
checksum = "sha256:eb3e8c74277dcc8314227ba2cd32ef00a9a362ec8a90cd06ef6580eb48a6b375"
url = "https://github.com/jdx/mr-boxington/releases/download/v1.22.0/mbx-x86_64-unknown-linux-gnu.tar.gz"
signer = "sigstore-oidc:https://github.com/jdx/mr-boxington/.github/workflows/release.yml"

[tools.mr-boxington."platforms.linux-x64-musl"]
checksum = "sha256:c375135e2a3916f58da1b47537b6a954159eeacd55523d9a618b42259bd89014"
url = "https://github.com/jdx/mr-boxington/releases/download/v1.22.0/mbx-x86_64-unknown-linux-musl.tar.gz"
signer = "sigstore-oidc:https://github.com/jdx/mr-boxington/.github/workflows/release.yml"

[tools.mr-boxington."platforms.macos-arm64"]
checksum = "sha256:e548b5758498cf822a180b6328597e6aded8fe9bb3046cd918399172ae30dde2"
url = "https://github.com/jdx/mr-boxington/releases/download/v1.22.0/mbx-aarch64-apple-darwin.tar.gz"
signer = "sigstore-oidc:https://github.com/jdx/mr-boxington/.github/workflows/release.yml"

[tools.mr-boxington."platforms.windows-x64"]
checksum = "sha256:09500d06c0230b9cda1e051c5795b08804d93fbbcb41ba8e18c1f56454b80e00"
url = "https://github.com/jdx/mr-boxington/releases/download/v1.22.0/mbx-x86_64-pc-windows-msvc.zip"
signer = "sigstore-oidc:https://github.com/jdx/mr-boxington/.github/workflows/release.yml"

[[tools.pkl]]
version = "0.32.1"
backend = "aqua:apple/pkl"
specifiers = ["latest"]

[tools.pkl."platforms.linux-arm64"]
checksum = "sha256:a76d2dd47da435a8f911b0347373f47c7e59ea54fb75ff846d20b8df10dba058"
url = "https://github.com/apple/pkl/releases/download/0.32.1/pkl-linux-aarch64"
url_api = "https://api.github.com/repos/apple/pkl/releases/assets/487426568"

[tools.pkl."platforms.linux-arm64-musl"]
checksum = "sha256:a76d2dd47da435a8f911b0347373f47c7e59ea54fb75ff846d20b8df10dba058"
url = "https://github.com/apple/pkl/releases/download/0.32.1/pkl-linux-aarch64"
url_api = "https://api.github.com/repos/apple/pkl/releases/assets/487426568"

[tools.pkl."platforms.linux-x64"]
checksum = "sha256:3180b62da95c0cad1d904e9bb6c5f4a8f9032413c21e53194bb91ff1ee5f3211"
url = "https://github.com/apple/pkl/releases/download/0.32.1/pkl-linux-amd64"
url_api = "https://api.github.com/repos/apple/pkl/releases/assets/487426567"

[tools.pkl."platforms.linux-x64-musl"]
checksum = "sha256:3180b62da95c0cad1d904e9bb6c5f4a8f9032413c21e53194bb91ff1ee5f3211"
url = "https://github.com/apple/pkl/releases/download/0.32.1/pkl-linux-amd64"
url_api = "https://api.github.com/repos/apple/pkl/releases/assets/487426567"

[tools.pkl."platforms.macos-arm64"]
checksum = "sha256:563eb51c9a20b16a3625464ed745c675ed9750381f2126722696a0d7cac1d9d3"
url = "https://github.com/apple/pkl/releases/download/0.32.1/pkl-macos-aarch64"
url_api = "https://api.github.com/repos/apple/pkl/releases/assets/487426570"

[tools.pkl."platforms.macos-x64"]
checksum = "sha256:5b74b903234047960144f66f2cebdd12d267d9b98e8155ed91d2ae5ed27e2d1f"
url = "https://github.com/apple/pkl/releases/download/0.32.1/pkl-macos-amd64"
url_api = "https://api.github.com/repos/apple/pkl/releases/assets/487426599"

[tools.pkl."platforms.windows-x64"]
checksum = "sha256:8550a00fcf027335e42c5e2cd553b88e98845408cb1880b3e3d1860caf46d22a"
url = "https://github.com/apple/pkl/releases/download/0.32.1/pkl-windows-amd64.exe"
url_api = "https://api.github.com/repos/apple/pkl/releases/assets/487426668"

[[tools.ripgrep]]
version = "15.2.0"
backend = "aqua:BurntSushi/ripgrep"
specifiers = ["latest"]

[tools.ripgrep."platforms.linux-arm64"]
checksum = "sha256:a740b91c82eaf9914cfedd353572f2791cbe0162c84101ee0951058f4dcbc90d"
url = "https://github.com/BurntSushi/ripgrep/releases/download/15.2.0/ripgrep-15.2.0-aarch64-unknown-linux-gnu.tar.gz"
url_api = "https://api.github.com/repos/BurntSushi/ripgrep/releases/assets/478119579"

[tools.ripgrep."platforms.linux-arm64-musl"]
checksum = "sha256:a740b91c82eaf9914cfedd353572f2791cbe0162c84101ee0951058f4dcbc90d"
url = "https://github.com/BurntSushi/ripgrep/releases/download/15.2.0/ripgrep-15.2.0-aarch64-unknown-linux-gnu.tar.gz"
url_api = "https://api.github.com/repos/BurntSushi/ripgrep/releases/assets/478119579"

[tools.ripgrep."platforms.linux-x64"]
checksum = "sha256:33e15bcf1624b25cdd2a55813a47a2f95dbe126268203e76aa6a585d1e7b149c"
url = "https://github.com/BurntSushi/ripgrep/releases/download/15.2.0/ripgrep-15.2.0-x86_64-unknown-linux-musl.tar.gz"
url_api = "https://api.github.com/repos/BurntSushi/ripgrep/releases/assets/478120097"

[tools.ripgrep."platforms.linux-x64-musl"]
checksum = "sha256:33e15bcf1624b25cdd2a55813a47a2f95dbe126268203e76aa6a585d1e7b149c"
url = "https://github.com/BurntSushi/ripgrep/releases/download/15.2.0/ripgrep-15.2.0-x86_64-unknown-linux-musl.tar.gz"
url_api = "https://api.github.com/repos/BurntSushi/ripgrep/releases/assets/478120097"

[tools.ripgrep."platforms.macos-arm64"]
checksum = "sha256:3750b2e93f37e0c692657da574d7019a101c0084da05a790c83fd335bad973e4"
url = "https://github.com/BurntSushi/ripgrep/releases/download/15.2.0/ripgrep-15.2.0-aarch64-apple-darwin.tar.gz"
url_api = "https://api.github.com/repos/BurntSushi/ripgrep/releases/assets/478118851"

[tools.ripgrep."platforms.macos-x64"]
checksum = "sha256:af7825fcc69a2afc7a7aea55fc9af90e26421d8f20fe59df32e233c0b8a231c1"
url = "https://github.com/BurntSushi/ripgrep/releases/download/15.2.0/ripgrep-15.2.0-x86_64-apple-darwin.tar.gz"
url_api = "https://api.github.com/repos/BurntSushi/ripgrep/releases/assets/478119585"

[tools.ripgrep."platforms.windows-x64"]
checksum = "sha256:71b2fef860abe467217a538ff31de02f5258807c0129f771846f87bd029aafc5"
url = "https://github.com/BurntSushi/ripgrep/releases/download/15.2.0/ripgrep-15.2.0-x86_64-pc-windows-msvc.zip"
url_api = "https://api.github.com/repos/BurntSushi/ripgrep/releases/assets/478119643"

[[tools.usage]]
version = "6.12.1"
backend = "packslip:github.com/jdx/usage"
specifiers = ["latest"]

[tools.usage."platforms.linux-arm64"]
checksum = "sha256:455668f6f7055c5c40b9046089910344adb499d7a3621aa25d332cde6a749b8f"
url = "https://github.com/jdx/usage/releases/download/v6.12.1/usage-aarch64-unknown-linux-gnu.tar.gz"
signer = "sigstore-oidc:https://github.com/jdx/usage/.github/workflows/publish-cli.yml"

[tools.usage."platforms.linux-arm64-musl"]
checksum = "sha256:da046ed28c02a18f48c46f00d3ae7b4448a8398eed664c92ae93f38d812c446f"
url = "https://github.com/jdx/usage/releases/download/v6.12.1/usage-aarch64-unknown-linux-musl.tar.gz"
signer = "sigstore-oidc:https://github.com/jdx/usage/.github/workflows/publish-cli.yml"

[tools.usage."platforms.linux-x64"]
checksum = "sha256:db25b616258fce61af2e07f1aa1c7ed33c7303a8a38abade121920b1dca86488"
url = "https://github.com/jdx/usage/releases/download/v6.12.1/usage-x86_64-unknown-linux-gnu.tar.gz"
signer = "sigstore-oidc:https://github.com/jdx/usage/.github/workflows/publish-cli.yml"

[tools.usage."platforms.linux-x64-musl"]
checksum = "sha256:10be12209c9ed33781cb93ab17685a8966fa7ab049bf5c7d34b7d231de5aec33"
url = "https://github.com/jdx/usage/releases/download/v6.12.1/usage-x86_64-unknown-linux-musl.tar.gz"
signer = "sigstore-oidc:https://github.com/jdx/usage/.github/workflows/publish-cli.yml"

[tools.usage."platforms.macos-arm64"]
checksum = "sha256:1f01fb6abe27e5e510778568ae8604720d42986bbeee9ac8cda52c659b84914f"
url = "https://github.com/jdx/usage/releases/download/v6.12.1/usage-universal-apple-darwin.tar.gz"
signer = "sigstore-oidc:https://github.com/jdx/usage/.github/workflows/publish-cli.yml"

[tools.usage."platforms.macos-x64"]
checksum = "sha256:1f01fb6abe27e5e510778568ae8604720d42986bbeee9ac8cda52c659b84914f"
url = "https://github.com/jdx/usage/releases/download/v6.12.1/usage-universal-apple-darwin.tar.gz"
signer = "sigstore-oidc:https://github.com/jdx/usage/.github/workflows/publish-cli.yml"

[tools.usage."platforms.windows-x64"]
checksum = "sha256:b5f1e3faa5dea4fff179bdef2e9ac737d2d416496fb9332e0d686e9a4a7b6d2c"
url = "https://github.com/jdx/usage/releases/download/v6.12.1/usage-x86_64-pc-windows-msvc.zip"
signer = "sigstore-oidc:https://github.com/jdx/usage/.github/workflows/publish-cli.yml"
