# @generated - this file is auto-generated by `mise lock` https://mise.jdx.dev/dev-tools/mise-lock.html

lockfile_version = 1

[[tools."github:jdx/mr-boxington"]]
version = "0.4.0"
backend = "github:jdx/mr-boxington"
specifiers = [
    "0.4.0",
    "latest",
]

[tools."github:jdx/mr-boxington"."platforms.linux-arm64"]
checksum = "sha256:ed81dab87775bcc8764c7257d8bea0dd8b7f811d6263b71bc7cd83a879661593"
url = "https://github.com/jdx/mr-boxington/releases/download/v0.4.0/mbx-aarch64-unknown-linux-musl.tar.gz"
url_api = "https://api.github.com/repos/jdx/mr-boxington/releases/assets/529719396"

[tools."github:jdx/mr-boxington"."platforms.linux-arm64-musl"]
checksum = "sha256:ed81dab87775bcc8764c7257d8bea0dd8b7f811d6263b71bc7cd83a879661593"
url = "https://github.com/jdx/mr-boxington/releases/download/v0.4.0/mbx-aarch64-unknown-linux-musl.tar.gz"
url_api = "https://api.github.com/repos/jdx/mr-boxington/releases/assets/529719396"

[tools."github:jdx/mr-boxington"."platforms.linux-x64"]
checksum = "sha256:b288265404b8fa4620ea1d082ba9b33a0a1695212d88a385e76aa07a743da250"
url = "https://github.com/jdx/mr-boxington/releases/download/v0.4.0/mbx-x86_64-unknown-linux-musl.tar.gz"
url_api = "https://api.github.com/repos/jdx/mr-boxington/releases/assets/529719409"

[tools."github:jdx/mr-boxington"."platforms.linux-x64-musl"]
checksum = "sha256:b288265404b8fa4620ea1d082ba9b33a0a1695212d88a385e76aa07a743da250"
url = "https://github.com/jdx/mr-boxington/releases/download/v0.4.0/mbx-x86_64-unknown-linux-musl.tar.gz"
url_api = "https://api.github.com/repos/jdx/mr-boxington/releases/assets/529719409"

[tools."github:jdx/mr-boxington"."platforms.macos-arm64"]
checksum = "sha256:416cab92e23c4652183e4a794af3fdcbc50b56296d8c09f8b6548e7577416307"
url = "https://github.com/jdx/mr-boxington/releases/download/v0.4.0/mbx-aarch64-apple-darwin.tar.gz"
url_api = "https://api.github.com/repos/jdx/mr-boxington/releases/assets/529719398"

[tools."github:jdx/mr-boxington"."platforms.macos-x64"]
checksum = "sha256:9f1016b0592ffd3b4b4000640223e10a2100cc6136d722fac5c4829cb89fc7ed"
url = "https://github.com/jdx/mr-boxington/releases/download/v0.4.0/mbx-x86_64-apple-darwin.tar.gz"
url_api = "https://api.github.com/repos/jdx/mr-boxington/releases/assets/529719400"

[tools."github:jdx/mr-boxington"."platforms.windows-x64"]
checksum = "sha256:f841b1907cf86c54db4d3d2d1e88f87303ccc8f720efff90b6331d7d5592bf4e"
url = "https://github.com/jdx/mr-boxington/releases/download/v0.4.0/mbx-x86_64-pc-windows-msvc.zip"
url_api = "https://api.github.com/repos/jdx/mr-boxington/releases/assets/529719397"

[[tools.hk]]
version = "1.56.1"
backend = "aqua:jdx/hk"
specifiers = ["latest"]

[tools.hk."platforms.linux-arm64"]
checksum = "sha256:cd671706a273dac35b012fd585a0fba1b0c0f340558dccfd4c9a4b976a794597"
url = "https://github.com/jdx/hk/releases/download/v1.56.1/hk-aarch64-unknown-linux-gnu.tar.gz"
url_api = "https://api.github.com/repos/jdx/hk/releases/assets/525632120"

[tools.hk."platforms.linux-arm64-musl"]
checksum = "sha256:5feac3cfcdae33227197d0104832b91a5d293733320632c3c19f864866a6c8ce"
url = "https://github.com/jdx/hk/releases/download/v1.56.1/hk-aarch64-unknown-linux-musl.tar.gz"
url_api = "https://api.github.com/repos/jdx/hk/releases/assets/525632119"

[tools.hk."platforms.linux-x64"]
checksum = "sha256:67157431e36bb523213d8361a9f59b6eb718f80ae8534827849552b3c6c92a04"
url = "https://github.com/jdx/hk/releases/download/v1.56.1/hk-x86_64-unknown-linux-gnu.tar.gz"
url_api = "https://api.github.com/repos/jdx/hk/releases/assets/525632131"

[tools.hk."platforms.linux-x64-musl"]
checksum = "sha256:e7435c1aec98f60d98712da3231541987ac67c017c001f767c0f37bd517cfe43"
url = "https://github.com/jdx/hk/releases/download/v1.56.1/hk-x86_64-unknown-linux-musl.tar.gz"
url_api = "https://api.github.com/repos/jdx/hk/releases/assets/525632133"

[tools.hk."platforms.macos-arm64"]
checksum = "sha256:f8400a1427e66f1b968e58568115a2138b5d0fe88e0561b97d3822648b7e35ea"
url = "https://github.com/jdx/hk/releases/download/v1.56.1/hk-aarch64-apple-darwin.tar.gz"
url_api = "https://api.github.com/repos/jdx/hk/releases/assets/525632123"

[tools.hk."platforms.windows-x64"]
checksum = "sha256:4ccf353e484997dd4975361b6433f3b2661f5db614f2b382cddcac7eaa74a604"
url = "https://github.com/jdx/hk/releases/download/v1.56.1/hk-x86_64-pc-windows-msvc.zip"
url_api = "https://api.github.com/repos/jdx/hk/releases/assets/525632118"

[[tools.pkl]]
version = "0.32.1"
backend = "aqua:apple/pkl"
specifiers = ["latest"]

[tools.pkl."platforms.linux-arm64"]
checksum = "sha256:a76d2dd47da435a8f911b0347373f47c7e59ea54fb75ff846d20b8df10dba058"
url = "https://github.com/apple/pkl/releases/download/0.32.1/pkl-linux-aarch64"
url_api = "https://api.github.com/repos/apple/pkl/releases/assets/487426568"

[tools.pkl."platforms.linux-arm64-musl"]
checksum = "sha256:a76d2dd47da435a8f911b0347373f47c7e59ea54fb75ff846d20b8df10dba058"
url = "https://github.com/apple/pkl/releases/download/0.32.1/pkl-linux-aarch64"
url_api = "https://api.github.com/repos/apple/pkl/releases/assets/487426568"

[tools.pkl."platforms.linux-x64"]
checksum = "sha256:3180b62da95c0cad1d904e9bb6c5f4a8f9032413c21e53194bb91ff1ee5f3211"
url = "https://github.com/apple/pkl/releases/download/0.32.1/pkl-linux-amd64"
url_api = "https://api.github.com/repos/apple/pkl/releases/assets/487426567"

[tools.pkl."platforms.linux-x64-musl"]
checksum = "sha256:3180b62da95c0cad1d904e9bb6c5f4a8f9032413c21e53194bb91ff1ee5f3211"
url = "https://github.com/apple/pkl/releases/download/0.32.1/pkl-linux-amd64"
url_api = "https://api.github.com/repos/apple/pkl/releases/assets/487426567"

[tools.pkl."platforms.macos-arm64"]
checksum = "sha256:563eb51c9a20b16a3625464ed745c675ed9750381f2126722696a0d7cac1d9d3"
url = "https://github.com/apple/pkl/releases/download/0.32.1/pkl-macos-aarch64"
url_api = "https://api.github.com/repos/apple/pkl/releases/assets/487426570"

[tools.pkl."platforms.macos-x64"]
checksum = "sha256:5b74b903234047960144f66f2cebdd12d267d9b98e8155ed91d2ae5ed27e2d1f"
url = "https://github.com/apple/pkl/releases/download/0.32.1/pkl-macos-amd64"
url_api = "https://api.github.com/repos/apple/pkl/releases/assets/487426599"

[tools.pkl."platforms.windows-x64"]
checksum = "sha256:8550a00fcf027335e42c5e2cd553b88e98845408cb1880b3e3d1860caf46d22a"
url = "https://github.com/apple/pkl/releases/download/0.32.1/pkl-windows-amd64.exe"
url_api = "https://api.github.com/repos/apple/pkl/releases/assets/487426668"

[[tools.ripgrep]]
version = "15.2.0"
backend = "aqua:BurntSushi/ripgrep"
specifiers = ["latest"]

[tools.ripgrep."platforms.linux-arm64"]
checksum = "sha256:a740b91c82eaf9914cfedd353572f2791cbe0162c84101ee0951058f4dcbc90d"
url = "https://github.com/BurntSushi/ripgrep/releases/download/15.2.0/ripgrep-15.2.0-aarch64-unknown-linux-gnu.tar.gz"
url_api = "https://api.github.com/repos/BurntSushi/ripgrep/releases/assets/478119579"

[tools.ripgrep."platforms.linux-arm64-musl"]
checksum = "sha256:800b1e7206afe799dfb5a6901f23147cfaabe0e52210538100f61e86e1740915"
url = "https://github.com/BurntSushi/ripgrep/releases/download/15.2.0/ripgrep-15.2.0-aarch64-unknown-linux-musl.tar.gz"
url_api = "https://api.github.com/repos/BurntSushi/ripgrep/releases/assets/478120060"

[tools.ripgrep."platforms.linux-x64"]
checksum = "sha256:33e15bcf1624b25cdd2a55813a47a2f95dbe126268203e76aa6a585d1e7b149c"
url = "https://github.com/BurntSushi/ripgrep/releases/download/15.2.0/ripgrep-15.2.0-x86_64-unknown-linux-musl.tar.gz"
url_api = "https://api.github.com/repos/BurntSushi/ripgrep/releases/assets/478120097"

[tools.ripgrep."platforms.linux-x64-musl"]
checksum = "sha256:33e15bcf1624b25cdd2a55813a47a2f95dbe126268203e76aa6a585d1e7b149c"
url = "https://github.com/BurntSushi/ripgrep/releases/download/15.2.0/ripgrep-15.2.0-x86_64-unknown-linux-musl.tar.gz"
url_api = "https://api.github.com/repos/BurntSushi/ripgrep/releases/assets/478120097"

[tools.ripgrep."platforms.macos-arm64"]
checksum = "sha256:3750b2e93f37e0c692657da574d7019a101c0084da05a790c83fd335bad973e4"
url = "https://github.com/BurntSushi/ripgrep/releases/download/15.2.0/ripgrep-15.2.0-aarch64-apple-darwin.tar.gz"
url_api = "https://api.github.com/repos/BurntSushi/ripgrep/releases/assets/478118851"

[tools.ripgrep."platforms.macos-x64"]
checksum = "sha256:af7825fcc69a2afc7a7aea55fc9af90e26421d8f20fe59df32e233c0b8a231c1"
url = "https://github.com/BurntSushi/ripgrep/releases/download/15.2.0/ripgrep-15.2.0-x86_64-apple-darwin.tar.gz"
url_api = "https://api.github.com/repos/BurntSushi/ripgrep/releases/assets/478119585"

[tools.ripgrep."platforms.windows-x64"]
checksum = "sha256:71b2fef860abe467217a538ff31de02f5258807c0129f771846f87bd029aafc5"
url = "https://github.com/BurntSushi/ripgrep/releases/download/15.2.0/ripgrep-15.2.0-x86_64-pc-windows-msvc.zip"
url_api = "https://api.github.com/repos/BurntSushi/ripgrep/releases/assets/478119643"

[[tools.usage]]
version = "6.4.0"
backend = "aqua:jdx/usage"
specifiers = ["6.4.0"]

[tools.usage."platforms.linux-arm64"]
checksum = "sha256:96acfe9a312da8af144dd516b9347bd7de62391ca797dba722aed48abe5ec21d"
url = "https://github.com/jdx/usage/releases/download/v6.4.0/usage-aarch64-unknown-linux-gnu.tar.gz"
url_api = "https://api.github.com/repos/jdx/usage/releases/assets/528035595"

[tools.usage."platforms.linux-arm64-musl"]
checksum = "sha256:60ff89e6d87cabcbc6c20fc851911c78490c605d38553147a62e1dce30e6470a"
url = "https://github.com/jdx/usage/releases/download/v6.4.0/usage-aarch64-unknown-linux-musl.tar.gz"
url_api = "https://api.github.com/repos/jdx/usage/releases/assets/528035659"

[tools.usage."platforms.linux-x64"]
checksum = "sha256:04007997a0524aa5934458530cd025e1745e0b0803aac74559cc03a26b66c53b"
url = "https://github.com/jdx/usage/releases/download/v6.4.0/usage-x86_64-unknown-linux-gnu.tar.gz"
url_api = "https://api.github.com/repos/jdx/usage/releases/assets/528035518"

[tools.usage."platforms.linux-x64-musl"]
checksum = "sha256:c416e18838f974810f8b67ac1eed6ef170cf9ff48e165469563885f24c548d90"
url = "https://github.com/jdx/usage/releases/download/v6.4.0/usage-x86_64-unknown-linux-musl.tar.gz"
url_api = "https://api.github.com/repos/jdx/usage/releases/assets/528035933"

[tools.usage."platforms.macos-arm64"]
checksum = "sha256:c02f4235446b06f917747e6bdaa6496ea3f63a66c74081a5c1450da2c734f6f1"
url = "https://github.com/jdx/usage/releases/download/v6.4.0/usage-universal-apple-darwin.tar.gz"
url_api = "https://api.github.com/repos/jdx/usage/releases/assets/528044147"

[tools.usage."platforms.macos-x64"]
checksum = "sha256:c02f4235446b06f917747e6bdaa6496ea3f63a66c74081a5c1450da2c734f6f1"
url = "https://github.com/jdx/usage/releases/download/v6.4.0/usage-universal-apple-darwin.tar.gz"
url_api = "https://api.github.com/repos/jdx/usage/releases/assets/528044147"

[tools.usage."platforms.windows-x64"]
checksum = "sha256:6ffa5d4deb26c6728ea9ab5d9c7b76c3c4ca75cb6bf49acdace1045512fa7cd3"
url = "https://github.com/jdx/usage/releases/download/v6.4.0/usage-x86_64-pc-windows-msvc.zip"
url_api = "https://api.github.com/repos/jdx/usage/releases/assets/528039229"
