# @generated - this file is auto-generated by `mise lock` https://mise.jdx.dev/dev-tools/mise-lock.html

lockfile_version = 2

[[tools.hk]]
version = "2.1.0"
backend = "packslip:github.com/jdx/hk"
specifiers = ["latest"]

[tools.hk."platforms.linux-arm64"]
checksum = "sha256:7ffb155147a8a9dae1b571fb31a5d19a35d0175afb5fe3e5b2c652ebf67feb9f"
url = "https://github.com/jdx/hk/releases/download/v2.1.0/hk-aarch64-unknown-linux-gnu.tar.gz"
signer = "sigstore-oidc:https://github.com/jdx/hk/.github/workflows/release.yml"

[tools.hk."platforms.linux-arm64-musl"]
checksum = "sha256:8417655fd02f8311bcad9efab7594d4b6d7cca1c4d00cd1576f12ad5e40dac06"
url = "https://github.com/jdx/hk/releases/download/v2.1.0/hk-aarch64-unknown-linux-musl.tar.gz"
signer = "sigstore-oidc:https://github.com/jdx/hk/.github/workflows/release.yml"

[tools.hk."platforms.linux-x64"]
checksum = "sha256:7a7b28741d16f777d8be90fbcd8523996ee95c2d5222d5b173652d9b37e31969"
url = "https://github.com/jdx/hk/releases/download/v2.1.0/hk-x86_64-unknown-linux-gnu.tar.gz"
signer = "sigstore-oidc:https://github.com/jdx/hk/.github/workflows/release.yml"

[tools.hk."platforms.linux-x64-musl"]
checksum = "sha256:ab5a8fa2819fe3a1762576ac557b9797e1fe587b41a1f93c50e4dfa9f5b89e76"
url = "https://github.com/jdx/hk/releases/download/v2.1.0/hk-x86_64-unknown-linux-musl.tar.gz"
signer = "sigstore-oidc:https://github.com/jdx/hk/.github/workflows/release.yml"

[tools.hk."platforms.macos-arm64"]
checksum = "sha256:b30c6fb4447b5a9c24f9f80d165dca2d2e682907b8acb8222391e0527fea1ebe"
url = "https://github.com/jdx/hk/releases/download/v2.1.0/hk-aarch64-apple-darwin.tar.gz"
signer = "sigstore-oidc:https://github.com/jdx/hk/.github/workflows/release.yml"

[tools.hk."platforms.windows-x64"]
checksum = "sha256:c0344c09c76f7e25985c4770148130881b19313393d238949e5512ec3691fac3"
url = "https://github.com/jdx/hk/releases/download/v2.1.0/hk-x86_64-pc-windows-msvc.zip"
signer = "sigstore-oidc:https://github.com/jdx/hk/.github/workflows/release.yml"

[[tools.mr-boxington]]
version = "1.16.0"
backend = "packslip:github.com/jdx/mr-boxington"
specifiers = ["latest"]

[tools.mr-boxington."platforms.linux-arm64"]
checksum = "sha256:7c3b444fb5561e8ca35668249f4fe17160fcdaa0f7a58ff43d5d6b6ab8fc8adc"
url = "https://github.com/jdx/mr-boxington/releases/download/v1.16.0/mbx-aarch64-unknown-linux-gnu.tar.gz"
signer = "sigstore-oidc:https://github.com/jdx/mr-boxington/.github/workflows/release.yml"

[tools.mr-boxington."platforms.linux-arm64-musl"]
checksum = "sha256:01cce632e7bacacd78935226e778c5199f6942a55789645eb3e56c662f448792"
url = "https://github.com/jdx/mr-boxington/releases/download/v1.16.0/mbx-aarch64-unknown-linux-musl.tar.gz"
signer = "sigstore-oidc:https://github.com/jdx/mr-boxington/.github/workflows/release.yml"

[tools.mr-boxington."platforms.linux-x64"]
checksum = "sha256:98e94a424e947c052226d99b5bb192a774166818ee8266a0398b5a233b8745a5"
url = "https://github.com/jdx/mr-boxington/releases/download/v1.16.0/mbx-x86_64-unknown-linux-gnu.tar.gz"
signer = "sigstore-oidc:https://github.com/jdx/mr-boxington/.github/workflows/release.yml"

[tools.mr-boxington."platforms.linux-x64-musl"]
checksum = "sha256:be74eb96c62e774d90e8e036ed3d5541bde682802b11dfb1bf340d57276f5ab1"
url = "https://github.com/jdx/mr-boxington/releases/download/v1.16.0/mbx-x86_64-unknown-linux-musl.tar.gz"
signer = "sigstore-oidc:https://github.com/jdx/mr-boxington/.github/workflows/release.yml"

[tools.mr-boxington."platforms.macos-arm64"]
checksum = "sha256:b4e20f6059346c3d428c3dfeebb486a998df4bf2d5a03f71cdb620e3ff7b029b"
url = "https://github.com/jdx/mr-boxington/releases/download/v1.16.0/mbx-aarch64-apple-darwin.tar.gz"
signer = "sigstore-oidc:https://github.com/jdx/mr-boxington/.github/workflows/release.yml"

[tools.mr-boxington."platforms.windows-x64"]
checksum = "sha256:4ac772395b6346e3ea54fe7a899d7dfcfda3e57c3c0d58595fc6fcbaddaf67b9"
url = "https://github.com/jdx/mr-boxington/releases/download/v1.16.0/mbx-x86_64-pc-windows-msvc.zip"
signer = "sigstore-oidc:https://github.com/jdx/mr-boxington/.github/workflows/release.yml"

[[tools.pkl]]
version = "0.32.1"
backend = "aqua:apple/pkl"
specifiers = ["latest"]

[tools.pkl."platforms.linux-arm64"]
checksum = "sha256:a76d2dd47da435a8f911b0347373f47c7e59ea54fb75ff846d20b8df10dba058"
url = "https://github.com/apple/pkl/releases/download/0.32.1/pkl-linux-aarch64"
url_api = "https://api.github.com/repos/apple/pkl/releases/assets/487426568"

[tools.pkl."platforms.linux-arm64-musl"]
checksum = "sha256:a76d2dd47da435a8f911b0347373f47c7e59ea54fb75ff846d20b8df10dba058"
url = "https://github.com/apple/pkl/releases/download/0.32.1/pkl-linux-aarch64"
url_api = "https://api.github.com/repos/apple/pkl/releases/assets/487426568"

[tools.pkl."platforms.linux-x64"]
checksum = "sha256:3180b62da95c0cad1d904e9bb6c5f4a8f9032413c21e53194bb91ff1ee5f3211"
url = "https://github.com/apple/pkl/releases/download/0.32.1/pkl-linux-amd64"
url_api = "https://api.github.com/repos/apple/pkl/releases/assets/487426567"

[tools.pkl."platforms.linux-x64-musl"]
checksum = "sha256:3180b62da95c0cad1d904e9bb6c5f4a8f9032413c21e53194bb91ff1ee5f3211"
url = "https://github.com/apple/pkl/releases/download/0.32.1/pkl-linux-amd64"
url_api = "https://api.github.com/repos/apple/pkl/releases/assets/487426567"

[tools.pkl."platforms.macos-arm64"]
checksum = "sha256:563eb51c9a20b16a3625464ed745c675ed9750381f2126722696a0d7cac1d9d3"
url = "https://github.com/apple/pkl/releases/download/0.32.1/pkl-macos-aarch64"
url_api = "https://api.github.com/repos/apple/pkl/releases/assets/487426570"

[tools.pkl."platforms.macos-x64"]
checksum = "sha256:5b74b903234047960144f66f2cebdd12d267d9b98e8155ed91d2ae5ed27e2d1f"
url = "https://github.com/apple/pkl/releases/download/0.32.1/pkl-macos-amd64"
url_api = "https://api.github.com/repos/apple/pkl/releases/assets/487426599"

[tools.pkl."platforms.windows-x64"]
checksum = "sha256:8550a00fcf027335e42c5e2cd553b88e98845408cb1880b3e3d1860caf46d22a"
url = "https://github.com/apple/pkl/releases/download/0.32.1/pkl-windows-amd64.exe"
url_api = "https://api.github.com/repos/apple/pkl/releases/assets/487426668"

[[tools.ripgrep]]
version = "15.2.0"
backend = "aqua:BurntSushi/ripgrep"
specifiers = ["latest"]

[tools.ripgrep."platforms.linux-arm64"]
checksum = "sha256:a740b91c82eaf9914cfedd353572f2791cbe0162c84101ee0951058f4dcbc90d"
url = "https://github.com/BurntSushi/ripgrep/releases/download/15.2.0/ripgrep-15.2.0-aarch64-unknown-linux-gnu.tar.gz"
url_api = "https://api.github.com/repos/BurntSushi/ripgrep/releases/assets/478119579"

[tools.ripgrep."platforms.linux-arm64-musl"]
checksum = "sha256:800b1e7206afe799dfb5a6901f23147cfaabe0e52210538100f61e86e1740915"
url = "https://github.com/BurntSushi/ripgrep/releases/download/15.2.0/ripgrep-15.2.0-aarch64-unknown-linux-musl.tar.gz"
url_api = "https://api.github.com/repos/BurntSushi/ripgrep/releases/assets/478120060"

[tools.ripgrep."platforms.linux-x64"]
checksum = "sha256:33e15bcf1624b25cdd2a55813a47a2f95dbe126268203e76aa6a585d1e7b149c"
url = "https://github.com/BurntSushi/ripgrep/releases/download/15.2.0/ripgrep-15.2.0-x86_64-unknown-linux-musl.tar.gz"
url_api = "https://api.github.com/repos/BurntSushi/ripgrep/releases/assets/478120097"

[tools.ripgrep."platforms.linux-x64-musl"]
checksum = "sha256:33e15bcf1624b25cdd2a55813a47a2f95dbe126268203e76aa6a585d1e7b149c"
url = "https://github.com/BurntSushi/ripgrep/releases/download/15.2.0/ripgrep-15.2.0-x86_64-unknown-linux-musl.tar.gz"
url_api = "https://api.github.com/repos/BurntSushi/ripgrep/releases/assets/478120097"

[tools.ripgrep."platforms.macos-arm64"]
checksum = "sha256:3750b2e93f37e0c692657da574d7019a101c0084da05a790c83fd335bad973e4"
url = "https://github.com/BurntSushi/ripgrep/releases/download/15.2.0/ripgrep-15.2.0-aarch64-apple-darwin.tar.gz"
url_api = "https://api.github.com/repos/BurntSushi/ripgrep/releases/assets/478118851"

[tools.ripgrep."platforms.macos-x64"]
checksum = "sha256:af7825fcc69a2afc7a7aea55fc9af90e26421d8f20fe59df32e233c0b8a231c1"
url = "https://github.com/BurntSushi/ripgrep/releases/download/15.2.0/ripgrep-15.2.0-x86_64-apple-darwin.tar.gz"
url_api = "https://api.github.com/repos/BurntSushi/ripgrep/releases/assets/478119585"

[tools.ripgrep."platforms.windows-x64"]
checksum = "sha256:71b2fef860abe467217a538ff31de02f5258807c0129f771846f87bd029aafc5"
url = "https://github.com/BurntSushi/ripgrep/releases/download/15.2.0/ripgrep-15.2.0-x86_64-pc-windows-msvc.zip"
url_api = "https://api.github.com/repos/BurntSushi/ripgrep/releases/assets/478119643"

[[tools.usage]]
version = "6.11.1"
backend = "packslip:github.com/jdx/usage"
specifiers = ["latest"]

[tools.usage."platforms.linux-arm64"]
checksum = "sha256:90622145566409da24d282190ad17cc786c85d498d751543824ab62931705018"
url = "https://github.com/jdx/usage/releases/download/v6.11.1/usage-aarch64-unknown-linux-gnu.tar.gz"
signer = "sigstore-oidc:https://github.com/jdx/usage/.github/workflows/publish-cli.yml"

[tools.usage."platforms.linux-arm64-musl"]
checksum = "sha256:b8903edb0accb76576a9a454900388d629dff9a35186e653c4e5b48e622e62c0"
url = "https://github.com/jdx/usage/releases/download/v6.11.1/usage-aarch64-unknown-linux-musl.tar.gz"
signer = "sigstore-oidc:https://github.com/jdx/usage/.github/workflows/publish-cli.yml"

[tools.usage."platforms.linux-x64"]
checksum = "sha256:afa6cb0e76f88cc6392aeecf21bbcd869747d4eeb60ab84c98d6e6178edc359a"
url = "https://github.com/jdx/usage/releases/download/v6.11.1/usage-x86_64-unknown-linux-gnu.tar.gz"
signer = "sigstore-oidc:https://github.com/jdx/usage/.github/workflows/publish-cli.yml"

[tools.usage."platforms.linux-x64-musl"]
checksum = "sha256:7b37d1d36b310857908e508802db6c6b670555cf25cd0b990f09ee40cb11247b"
url = "https://github.com/jdx/usage/releases/download/v6.11.1/usage-x86_64-unknown-linux-musl.tar.gz"
signer = "sigstore-oidc:https://github.com/jdx/usage/.github/workflows/publish-cli.yml"

[tools.usage."platforms.macos-arm64"]
checksum = "sha256:e3a20b948f2665862dcbaddfc50d62ac741654e3cdd815130a6fae00b3d088ff"
url = "https://github.com/jdx/usage/releases/download/v6.11.1/usage-universal-apple-darwin.tar.gz"
signer = "sigstore-oidc:https://github.com/jdx/usage/.github/workflows/publish-cli.yml"

[tools.usage."platforms.macos-x64"]
checksum = "sha256:e3a20b948f2665862dcbaddfc50d62ac741654e3cdd815130a6fae00b3d088ff"
url = "https://github.com/jdx/usage/releases/download/v6.11.1/usage-universal-apple-darwin.tar.gz"
signer = "sigstore-oidc:https://github.com/jdx/usage/.github/workflows/publish-cli.yml"

[tools.usage."platforms.windows-x64"]
checksum = "sha256:783ce7539b1145f1860054352067e5da70bfac1ceeba3c9f3cb912477068f99d"
url = "https://github.com/jdx/usage/releases/download/v6.11.1/usage-x86_64-pc-windows-msvc.zip"
signer = "sigstore-oidc:https://github.com/jdx/usage/.github/workflows/publish-cli.yml"
